
Microsoft Visual Studio Solution File, Format Version 12.00
# Visual Studio Version 16
VisualStudioVersion = 16.0.31410.357
MinimumVisualStudioVersion = 10.0.40219.1
Project("{FAE04EC0-301F-11D3-BF4B-00C04F79EFBC}") = "BasicBFB-01", "BasicBFB-01\BasicBFB-01.csproj", "{EEA5140C-3A8D-4D94-BCAD-C290CCC2E128}"
EndProject
Global
	GlobalSection(SolutionConfigurationPlatforms) = preSolution
		Debug|Any CPU = Debug|Any CPU
		Release|Any CPU = Release|Any CPU
	EndGlobalSection
	GlobalSection(ProjectConfigurationPlatforms) = postSolution
		{EEA5140C-3A8D-4D94-BCAD-C290CCC2E128}.Debug|Any CPU.ActiveCfg = Debug|Any CPU
		{EEA5140C-3A8D-4D94-BCAD-C290CCC2E128}.Debug|Any CPU.Build.0 = Debug|Any CPU
		{EEA5140C-3A8D-4D94-BCAD-C290CCC2E128}.Release|Any CPU.ActiveCfg = Release|Any CPU
		{EEA5140C-3A8D-4D94-BCAD-C290CCC2E128}.Release|Any CPU.Build.0 = Release|Any CPU
	EndGlobalSection
	GlobalSection(SolutionProperties) = preSolution
		HideSolutionNode = FALSE
	EndGlobalSection
	GlobalSection(ExtensibilityGlobals) = postSolution
		SolutionGuid = {AC6D1518-07FA-401A-A6D6-F5C1B63C85FD}
	EndGlobalSection
EndGlobal
